// !$*UTF8*$!
{
	archiveVersion = 1;
	classes = {
	};
	objectVersion = 46;
	objects = {

/* Begin PBXBuildFile section */
		C6FF207516FA0EFF00A55285 /* main.cpp in Sources */ = {isa = PBXBuildFile; fileRef = C6FF207416FA0EFF00A55285 /* main.cpp */; };
		C6FF207716FA0EFF00A55285 /* homeworkHelper.1 in CopyFiles */ = {isa = PBXBuildFile; fileRef = C6FF207616FA0EFF00A55285 /* homeworkHelper.1 */; };
/* End PBXBuildFile section */

/* Begin PBXCopyFilesBuildPhase section */
		C6FF206F16FA0EFF00A55285 /* CopyFiles */ = {
			isa = PBXCopyFilesBuildPhase;
			buildActionMask = 2147483647;
			dstPath = /usr/share/man/man1/;
			dstSubfolderSpec = 0;
			files = (
				C6FF207716FA0EFF00A55285 /* homeworkHelper.1 in CopyFiles */,
			);
			runOnlyForDeploymentPostprocessing = 1;
		};
/* End PBXCopyFilesBuildPhase section */

/* Begin PBXFileReference section */
		C6FF207116FA0EFF00A55285 /* homeworkHelper */ = {isa = PBXFileReference; explicitFileType = "compiled.mach-o.executable"; includeInIndex = 0; path = homeworkHelper; sourceTree = BUILT_PRODUCTS_DIR; };
		C6FF207416FA0EFF00A55285 /* main.cpp */ = {isa = PBXFileReference; lastKnownFileType = sourcecode.cpp.cpp; path = main.cpp; sourceTree = "<group>"; };
		C6FF207616FA0EFF00A55285 /* homeworkHelper.1 */ = {isa = PBXFileReference; lastKnownFileType = text.man; path = homeworkHelper.1; sourceTree = "<group>"; };
/* End PBXFileReference section */

/* Begin PBXFrameworksBuildPhase section */
		C6FF206E16FA0EFF00A55285 /* Frameworks */ = {
			isa = PBXFrameworksBuildPhase;
			buildActionMask = 2147483647;
			files = (
			);
			runOnlyForDeploymentPostprocessing = 0;
		};
/* End PBXFrameworksBuildPhase section */

/* Begin PBXGroup section */
		C6FF206816FA0EFF00A55285 = {
			isa = PBXGroup;
			children = (
				C6FF207316FA0EFF00A55285 /* homeworkHelper */,
				C6FF207216FA0EFF00A55285 /* Products */,
			);
			sourceTree = "<group>";
		};
		C6FF207216FA0EFF00A55285 /* Products */ = {
			isa = PBXGroup;
			children = (
				C6FF207116FA0EFF00A55285 /* homeworkHelper */,
			);
			name = Products;
			sourceTree = "<group>";
		};
		C6FF207316FA0EFF00A55285 /* homeworkHelper */ = {
			isa = PBXGroup;
			children = (
				C6FF207416FA0EFF00A55285 /* main.cpp */,
				C6FF207616FA0EFF00A55285 /* homeworkHelper.1 */,
			);
			path = homeworkHelper;
			sourceTree = "<group>";
		};
/* End PBXGroup section */

/* Begin PBXNativeTarget section */
		C6FF207016FA0EFF00A55285 /* homeworkHelper */ = {
			isa = PBXNativeTarget;
			buildConfigurationList = C6FF207A16FA0EFF00A55285 /* Build configuration list for PBXNativeTarget "homeworkHelper" */;
			buildPhases = (
				C6FF206D16FA0EFF00A55285 /* Sources */,
				C6FF206E16FA0EFF00A55285 /* Frameworks */,
				C6FF206F16FA0EFF00A55285 /* CopyFiles */,
			);
			buildRules = (
			);
			dependencies = (
			);
			name = homeworkHelper;
			productName = homeworkHelper;
			productReference = C6FF207116FA0EFF00A55285 /* homeworkHelper */;
			productType = "com.apple.product-type.tool";
		};
/* End PBXNativeTarget section */

/* Begin PBXProject section */
		C6FF206916FA0EFF00A55285 /* Project object */ = {
			isa = PBXProject;
			attributes = {
				LastUpgradeCheck = 0460;
				ORGANIZATIONNAME = "Martha Bearskin";
			};
			buildConfigurationList = C6FF206C16FA0EFF00A55285 /* Build configuration list for PBXProject "homeworkHelper" */;
			compatibilityVersion = "Xcode 3.2";
			developmentRegion = English;
			hasScannedForEncodings = 0;
			knownRegions = (
				en,
			);
			mainGroup = C6FF206816FA0EFF00A55285;
			productRefGroup = C6FF207216FA0EFF00A55285 /* Products */;
			projectDirPath = "";
			projectRoot = "";
			targets = (
				C6FF207016FA0EFF00A55285 /* homeworkHelper */,
			);
		};
/* End PBXProject section */

/* Begin PBXSourcesBuildPhase section */
		C6FF206D16FA0EFF00A55285 /* Sources */ = {
			isa = PBXSourcesBuildPhase;
			buildActionMask = 2147483647;
			files = (
				C6FF207516FA0EFF00A55285 /* main.cpp in Sources */,
			);
			runOnlyForDeploymentPostprocessing = 0;
		};
/* End PBXSourcesBuildPhase section */

/* Begin XCBuildConfiguration section */
		C6FF207816FA0EFF00A55285 /* Debug */ = {
			isa = XCBuildConfiguration;
			buildSettings = {
				ALWAYS_SEARCH_USER_PATHS = NO;
				ARCHS = "$(ARCHS_STANDARD_64_BIT)";
				CLANG_CXX_LANGUAGE_STANDARD = "gnu++0x";
				CLANG_CXX_LIBRARY = "libc++";
				CLANG_ENABLE_OBJC_ARC = YES;
				CLANG_WARN_CONSTANT_CONVERSION = YES;
				CLANG_WARN_EMPTY_BODY = YES;
				CLANG_WARN_ENUM_CONVERSION = YES;
				CLANG_WARN_INT_CONVERSION = YES;
				CLANG_WARN__DUPLICATE_METHOD_MATCH = YES;
				COPY_PHASE_STRIP = NO;
				GCC_C_LANGUAGE_STANDARD = gnu99;
				GCC_DYNAMIC_NO_PIC = NO;
				GCC_ENABLE_OBJC_EXCEPTIONS = YES;
				GCC_OPTIMIZATION_LEVEL = 0;
				GCC_PREPROCESSOR_DEFINITIONS = (
					"DEBUG=1",
					"$(inherited)",
				);
				GCC_SYMBOLS_PRIVATE_EXTERN = NO;
				GCC_WARN_64_TO_32_BIT_CONVERSION = YES;
				GCC_WARN_ABOUT_RETURN_TYPE = YES;
				GCC_WARN_UNINITIALIZED_AUTOS = YES;
				GCC_WARN_UNUSED_VARIABLE = YES;
				MACOSX_DEPLOYMENT_TARGET = 10.8;
				ONLY_ACTIVE_ARCH = YES;
				SDKROOT = macosx;
			};
			name = Debug;
		};
		C6FF207916FA0EFF00A55285 /* Release */ = {
			isa = XCBuildConfiguration;
			buildSettings = {
				ALWAYS_SEARCH_USER_PATHS = NO;
				ARCHS = "$(ARCHS_STANDARD_64_BIT)";
				CLANG_CXX_LANGUAGE_STANDARD = "gnu++0x";
				CLANG_CXX_LIBRARY = "libc++";
				CLANG_ENABLE_OBJC_ARC = YES;
				CLANG_WARN_CONSTANT_CONVERSION = YES;
				CLANG_WARN_EMPTY_BODY = YES;
				CLANG_WARN_ENUM_CONVERSION = YES;
				CLANG_WARN_INT_CONVERSION = YES;
				CLANG_WARN__DUPLICATE_METHOD_MATCH = YES;
				COPY_PHASE_STRIP = YES;
				DEBUG_INFORMATION_FORMAT = "dwarf-with-dsym";
				GCC_C_LANGUAGE_STANDARD = gnu99;
				GCC_ENABLE_OBJC_EXCEPTIONS = YES;
				GCC_WARN_64_TO_32_BIT_CONVERSION = YES;
				GCC_WARN_ABOUT_RETURN_TYPE = YES;
				GCC_WARN_UNINITIALIZED_AUTOS = YES;
				GCC_WARN_UNUSED_VARIABLE = YES;
				MACOSX_DEPLOYMENT_TARGET = 10.8;
				SDKROOT = macosx;
			};
			name = Release;
		};
		C6FF207B16FA0EFF00A55285 /* Debug */ = {
			isa = XCBuildConfiguration;
			buildSettings = {
				PRODUCT_NAME = "$(TARGET_NAME)";
			};
			name = Debug;
		};
		C6FF207C16FA0EFF00A55285 /* Release */ = {
			isa = XCBuildConfiguration;
			buildSettings = {
				PRODUCT_NAME = "$(TARGET_NAME)";
			};
			name = Release;
		};
/* End XCBuildConfiguration section */

/* Begin XCConfigurationList section */
		C6FF206C16FA0EFF00A55285 /* Build configuration list for PBXProject "homeworkHelper" */ = {
			isa = XCConfigurationList;
			buildConfigurations = (
				C6FF207816FA0EFF00A55285 /* Debug */,
				C6FF207916FA0EFF00A55285 /* Release */,
			);
			defaultConfigurationIsVisible = 0;
			defaultConfigurationName = Release;
		};
		C6FF207A16FA0EFF00A55285 /* Build configuration list for PBXNativeTarget "homeworkHelper" */ = {
			isa = XCConfigurationList;
			buildConfigurations = (
				C6FF207B16FA0EFF00A55285 /* Debug */,
				C6FF207C16FA0EFF00A55285 /* Release */,
			);
			defaultConfigurationIsVisible = 0;
		};
/* End XCConfigurationList section */
	};
	rootObject = C6FF206916FA0EFF00A55285 /* Project object */;
}
